
Microsoft Visual Studio Solution File, Format Version 12.00
Project("{FAE04EC0-301F-11D3-BF4B-00C04F79EFBC}") = "WebApi", "FoodBook\Api\WebApi\WebApi.csproj", "{227D19C9-F6B4-485C-8E25-CCA5D5CD9472}"
EndProject
Project("{2150E333-8FDC-42A3-9474-1A3956D46DE8}") = "Api", "Api", "{E35080B9-926E-46D7-B0C1-10BB4C8B8D0E}"
EndProject
Project("{2150E333-8FDC-42A3-9474-1A3956D46DE8}") = "Application", "Application", "{4D355768-0BD2-47BE-B769-D89ACF7918CE}"
EndProject
Project("{2150E333-8FDC-42A3-9474-1A3956D46DE8}") = "Infrastructure", "Infrastructure", "{465D9844-D1F2-4754-AE3D-7DEA1CEEF8CC}"
EndProject
Project("{2150E333-8FDC-42A3-9474-1A3956D46DE8}") = "Domain", "Domain", "{8B7B5BFA-EF05-4E99-9002-A1E010269D1A}"
EndProject
Project("{2150E333-8FDC-42A3-9474-1A3956D46DE8}") = "Database", "Database", "{6E68EB9D-5525-4844-8642-A5390FA5D283}"
EndProject
Project("{FAE04EC0-301F-11D3-BF4B-00C04F79EFBC}") = "Application", "FoodBook\Application\Application\Application.csproj", "{5B325C01-1738-4128-997E-63CADF474AB3}"
EndProject
Project("{FAE04EC0-301F-11D3-BF4B-00C04F79EFBC}") = "Domain.Entities", "FoodBook\Domain\Domain.Entities\Domain.Entities.csproj", "{450783D0-AD19-4E62-AE42-C4E9EEA5310D}"
EndProject
Project("{FAE04EC0-301F-11D3-BF4B-00C04F79EFBC}") = "Infrastructure.Services", "FoodBook\Infrastructure\Infrastructure.Services\Infrastructure.Services.csproj", "{272BDD18-5BE5-4881-924B-4E171684993A}"
EndProject
Project("{FAE04EC0-301F-11D3-BF4B-00C04F79EFBC}") = "Database.Migrations", "FoodBook\Database\Database.Migrations\Database.Migrations.csproj", "{22E2A43A-30D2-4E8D-B70C-74C2ED7B42D3}"
EndProject
Global
	GlobalSection(SolutionConfigurationPlatforms) = preSolution
		Debug|Any CPU = Debug|Any CPU
		Release|Any CPU = Release|Any CPU
	EndGlobalSection
	GlobalSection(ProjectConfigurationPlatforms) = postSolution
		{227D19C9-F6B4-485C-8E25-CCA5D5CD9472}.Debug|Any CPU.ActiveCfg = Debug|Any CPU
		{227D19C9-F6B4-485C-8E25-CCA5D5CD9472}.Debug|Any CPU.Build.0 = Debug|Any CPU
		{227D19C9-F6B4-485C-8E25-CCA5D5CD9472}.Release|Any CPU.ActiveCfg = Release|Any CPU
		{227D19C9-F6B4-485C-8E25-CCA5D5CD9472}.Release|Any CPU.Build.0 = Release|Any CPU
		{5B325C01-1738-4128-997E-63CADF474AB3}.Debug|Any CPU.ActiveCfg = Debug|Any CPU
		{5B325C01-1738-4128-997E-63CADF474AB3}.Debug|Any CPU.Build.0 = Debug|Any CPU
		{5B325C01-1738-4128-997E-63CADF474AB3}.Release|Any CPU.ActiveCfg = Release|Any CPU
		{5B325C01-1738-4128-997E-63CADF474AB3}.Release|Any CPU.Build.0 = Release|Any CPU
		{450783D0-AD19-4E62-AE42-C4E9EEA5310D}.Debug|Any CPU.ActiveCfg = Debug|Any CPU
		{450783D0-AD19-4E62-AE42-C4E9EEA5310D}.Debug|Any CPU.Build.0 = Debug|Any CPU
		{450783D0-AD19-4E62-AE42-C4E9EEA5310D}.Release|Any CPU.ActiveCfg = Release|Any CPU
		{450783D0-AD19-4E62-AE42-C4E9EEA5310D}.Release|Any CPU.Build.0 = Release|Any CPU
		{272BDD18-5BE5-4881-924B-4E171684993A}.Debug|Any CPU.ActiveCfg = Debug|Any CPU
		{272BDD18-5BE5-4881-924B-4E171684993A}.Debug|Any CPU.Build.0 = Debug|Any CPU
		{272BDD18-5BE5-4881-924B-4E171684993A}.Release|Any CPU.ActiveCfg = Release|Any CPU
		{272BDD18-5BE5-4881-924B-4E171684993A}.Release|Any CPU.Build.0 = Release|Any CPU
		{22E2A43A-30D2-4E8D-B70C-74C2ED7B42D3}.Debug|Any CPU.ActiveCfg = Debug|Any CPU
		{22E2A43A-30D2-4E8D-B70C-74C2ED7B42D3}.Debug|Any CPU.Build.0 = Debug|Any CPU
		{22E2A43A-30D2-4E8D-B70C-74C2ED7B42D3}.Release|Any CPU.ActiveCfg = Release|Any CPU
		{22E2A43A-30D2-4E8D-B70C-74C2ED7B42D3}.Release|Any CPU.Build.0 = Release|Any CPU
	EndGlobalSection
	GlobalSection(NestedProjects) = preSolution
		{227D19C9-F6B4-485C-8E25-CCA5D5CD9472} = {E35080B9-926E-46D7-B0C1-10BB4C8B8D0E}
		{5B325C01-1738-4128-997E-63CADF474AB3} = {4D355768-0BD2-47BE-B769-D89ACF7918CE}
		{450783D0-AD19-4E62-AE42-C4E9EEA5310D} = {8B7B5BFA-EF05-4E99-9002-A1E010269D1A}
		{272BDD18-5BE5-4881-924B-4E171684993A} = {465D9844-D1F2-4754-AE3D-7DEA1CEEF8CC}
		{22E2A43A-30D2-4E8D-B70C-74C2ED7B42D3} = {6E68EB9D-5525-4844-8642-A5390FA5D283}
	EndGlobalSection
EndGlobal
